
Microsoft Visual Studio Solution File, Format Version 12.00
# Visual Studio Version 16
VisualStudioVersion = 16.0.31129.286
MinimumVisualStudioVersion = 10.0.40219.1
Project("{FAE04EC0-301F-11D3-BF4B-00C04F79EFBC}") = "CSharpCachoGame", "CSharpCachoGame\CSharpCachoGame.csproj", "{C2DD9256-5C83-437C-B3AD-CDAA90ED09A4}"
EndProject
Global
	GlobalSection(SolutionConfigurationPlatforms) = preSolution
		Debug|Any CPU = Debug|Any CPU
		Release|Any CPU = Release|Any CPU
	EndGlobalSection
	GlobalSection(ProjectConfigurationPlatforms) = postSolution
		{C2DD9256-5C83-437C-B3AD-CDAA90ED09A4}.Debug|Any CPU.ActiveCfg = Debug|Any CPU
		{C2DD9256-5C83-437C-B3AD-CDAA90ED09A4}.Debug|Any CPU.Build.0 = Debug|Any CPU
		{C2DD9256-5C83-437C-B3AD-CDAA90ED09A4}.Release|Any CPU.ActiveCfg = Release|Any CPU
		{C2DD9256-5C83-437C-B3AD-CDAA90ED09A4}.Release|Any CPU.Build.0 = Release|Any CPU
	EndGlobalSection
	GlobalSection(SolutionProperties) = preSolution
		HideSolutionNode = FALSE
	EndGlobalSection
	GlobalSection(ExtensibilityGlobals) = postSolution
		SolutionGuid = {E913B781-823B-41F2-BFA1-20A5D8720AFD}
	EndGlobalSection
EndGlobal
